
Microsoft Visual Studio Solution File, Format Version 12.00
# Visual Studio Version 17
VisualStudioVersion = 17.14.36705.20
MinimumVisualStudioVersion = 10.0.40219.1
Project("{FAE04EC0-301F-11D3-BF4B-00C04F79EFBC}") = "StudentApi", "StudentApi\StudentApi.csproj", "{87C58823-6E24-4492-8758-96C7A3852922}"
EndProject
Project("{FAE04EC0-301F-11D3-BF4B-00C04F79EFBC}") = "StudentRazor", "StudentRazor\StudentRazor.csproj", "{4B684064-A9E3-4E7E-A89E-24FC37592727}"
EndProject
Global
	GlobalSection(SolutionConfigurationPlatforms) = preSolution
		Debug|Any CPU = Debug|Any CPU
		Release|Any CPU = Release|Any CPU
	EndGlobalSection
	GlobalSection(ProjectConfigurationPlatforms) = postSolution
		{87C58823-6E24-4492-8758-96C7A3852922}.Debug|Any CPU.ActiveCfg = Debug|Any CPU
		{87C58823-6E24-4492-8758-96C7A3852922}.Debug|Any CPU.Build.0 = Debug|Any CPU
		{87C58823-6E24-4492-8758-96C7A3852922}.Release|Any CPU.ActiveCfg = Release|Any CPU
		{87C58823-6E24-4492-8758-96C7A3852922}.Release|Any CPU.Build.0 = Release|Any CPU
		{4B684064-A9E3-4E7E-A89E-24FC37592727}.Debug|Any CPU.ActiveCfg = Debug|Any CPU
		{4B684064-A9E3-4E7E-A89E-24FC37592727}.Debug|Any CPU.Build.0 = Debug|Any CPU
		{4B684064-A9E3-4E7E-A89E-24FC37592727}.Release|Any CPU.ActiveCfg = Release|Any CPU
		{4B684064-A9E3-4E7E-A89E-24FC37592727}.Release|Any CPU.Build.0 = Release|Any CPU
	EndGlobalSection
	GlobalSection(SolutionProperties) = preSolution
		HideSolutionNode = FALSE
	EndGlobalSection
	GlobalSection(ExtensibilityGlobals) = postSolution
		SolutionGuid = {C86DC57E-CF4A-4773-89B1-A0AD6B9D08BB}
	EndGlobalSection
EndGlobal
